// !$*UTF8*$!
{
	archiveVersion = 1;
	classes = {
	};
	objectVersion = 46;
	objects = {

/* Begin PBXBuildFile section */
		21025C291AEF776A00C5A474 /* usersidehelp.html in Resources */ = {isa = PBXBuildFile; fileRef = 21025C281AEF776A00C5A474 /* usersidehelp.html */; };
		21195BD51AE79395003A5596 /* expired.png in Resources */ = {isa = PBXBuildFile; fileRef = 21195BD41AE79395003A5596 /* expired.png */; };
		214189771AD65D44005DDC16 /* past_white.png in Resources */ = {isa = PBXBuildFile; fileRef = 214189761AD65D44005DDC16 /* past_white.png */; };
		214189911AD6B21B005DDC16 /* RBLoginVC.m in Sources */ = {isa = PBXBuildFile; fileRef = 214189901AD6B21B005DDC16 /* RBLoginVC.m */; };
		21930CAE1AD887F700E6546F /* RBPreferenceVC.m in Sources */ = {isa = PBXBuildFile; fileRef = 21930CAD1AD887F700E6546F /* RBPreferenceVC.m */; };
		21930CB11AD88CAC00E6546F /* RBOrderHistoryVC.m in Sources */ = {isa = PBXBuildFile; fileRef = 21930CB01AD88CAC00E6546F /* RBOrderHistoryVC.m */; };
		21930CB41AD88FEA00E6546F /* RBHelpVC.m in Sources */ = {isa = PBXBuildFile; fileRef = 21930CB31AD88FEA00E6546F /* RBHelpVC.m */; };
		21930CB71AD8911100E6546F /* help_img.png in Resources */ = {isa = PBXBuildFile; fileRef = 21930CB51AD8911100E6546F /* help_img.png */; };
		21930CB81AD8911100E6546F /* past_icon.png in Resources */ = {isa = PBXBuildFile; fileRef = 21930CB61AD8911100E6546F /* past_icon.png */; };
		21930CBA1AD8985B00E6546F /* libsqlite3.dylib in Frameworks */ = {isa = PBXBuildFile; fileRef = 21930CB91AD8985B00E6546F /* libsqlite3.dylib */; };
		21930CBC1AD8997800E6546F /* MobileCoreServices.framework in Frameworks */ = {isa = PBXBuildFile; fileRef = 21930CBB1AD8997800E6546F /* MobileCoreServices.framework */; };
		21930CBE1AD899A200E6546F /* AVFoundation.framework in Frameworks */ = {isa = PBXBuildFile; fileRef = 21930CBD1AD899A200E6546F /* AVFoundation.framework */; };
		21930CC01AD899AA00E6546F /* CoreMedia.framework in Frameworks */ = {isa = PBXBuildFile; fileRef = 21930CBF1AD899AA00E6546F /* CoreMedia.framework */; };
		21930CC21AD899BB00E6546F /* MessageUI.framework in Frameworks */ = {isa = PBXBuildFile; fileRef = 21930CC11AD899BB00E6546F /* MessageUI.framework */; };
		21930CC41AD899DE00E6546F /* SystemConfiguration.framework in Frameworks */ = {isa = PBXBuildFile; fileRef = 21930CC31AD899DE00E6546F /* SystemConfiguration.framework */; };
		21D7993B1AD493DF00D7D939 /* DownMenuViewController.m in Sources */ = {isa = PBXBuildFile; fileRef = 21D798F41AD493DF00D7D939 /* DownMenuViewController.m */; };
		21D7993C1AD493DF00D7D939 /* libPayPalMPL.a in Frameworks */ = {isa = PBXBuildFile; fileRef = 21D798F61AD493DF00D7D939 /* libPayPalMPL.a */; };
		21D7993D1AD493DF00D7D939 /* LTSupport2.framework in Frameworks */ = {isa = PBXBuildFile; fileRef = 21D799011AD493DF00D7D939 /* LTSupport2.framework */; };
		21D7993E1AD493DF00D7D939 /* BasicMapAnnotation.m in Sources */ = {isa = PBXBuildFile; fileRef = 21D799041AD493DF00D7D939 /* BasicMapAnnotation.m */; };
		21D7993F1AD493DF00D7D939 /* SVPulsingAnnotationView.m in Sources */ = {isa = PBXBuildFile; fileRef = 21D799061AD493DF00D7D939 /* SVPulsingAnnotationView.m */; };
		21D7994A1AD493DF00D7D939 /* ServerManager.m in Sources */ = {isa = PBXBuildFile; fileRef = 21D7991F1AD493DF00D7D939 /* ServerManager.m */; };
		21D799541AD493DF00D7D939 /* FacebookSDK.framework in Frameworks */ = {isa = PBXBuildFile; fileRef = 21D7993A1AD493DF00D7D939 /* FacebookSDK.framework */; };
		21D799631AD49C0900D7D939 /* basket_marker.png in Resources */ = {isa = PBXBuildFile; fileRef = 21D799561AD49C0900D7D939 /* basket_marker.png */; };
		21D799641AD49C0900D7D939 /* facebook_icon.png in Resources */ = {isa = PBXBuildFile; fileRef = 21D799571AD49C0900D7D939 /* facebook_icon.png */; };
		21D799651AD49C0900D7D939 /* hand_icon.png in Resources */ = {isa = PBXBuildFile; fileRef = 21D799581AD49C0900D7D939 /* hand_icon.png */; };
		21D799661AD49C0900D7D939 /* help.png in Resources */ = {isa = PBXBuildFile; fileRef = 21D799591AD49C0900D7D939 /* help.png */; };
		21D799671AD49C0900D7D939 /* home.png in Resources */ = {isa = PBXBuildFile; fileRef = 21D7995A1AD49C0900D7D939 /* home.png */; };
		21D799681AD49C0900D7D939 /* log.png in Resources */ = {isa = PBXBuildFile; fileRef = 21D7995B1AD49C0900D7D939 /* log.png */; };
		21D799691AD49C0900D7D939 /* logout.png in Resources */ = {isa = PBXBuildFile; fileRef = 21D7995C1AD49C0900D7D939 /* logout.png */; };
		21D7996A1AD49C0900D7D939 /* map_icon.png in Resources */ = {isa = PBXBuildFile; fileRef = 21D7995D1AD49C0900D7D939 /* map_icon.png */; };
		21D7996B1AD49C0900D7D939 /* menu.png in Resources */ = {isa = PBXBuildFile; fileRef = 21D7995E1AD49C0900D7D939 /* menu.png */; };
		21D7996C1AD49C0900D7D939 /* order_counter.png in Resources */ = {isa = PBXBuildFile; fileRef = 21D7995F1AD49C0900D7D939 /* order_counter.png */; };
		21D7996D1AD49C0900D7D939 /* order_icon.png in Resources */ = {isa = PBXBuildFile; fileRef = 21D799601AD49C0900D7D939 /* order_icon.png */; };
		21D7996E1AD49C0900D7D939 /* phone_call.png in Resources */ = {isa = PBXBuildFile; fileRef = 21D799611AD49C0900D7D939 /* phone_call.png */; };
		21D7996F1AD49C0900D7D939 /* setting.png in Resources */ = {isa = PBXBuildFile; fileRef = 21D799621AD49C0900D7D939 /* setting.png */; };
		21D799711AD4AA9E00D7D939 /* facebookbutton.png in Resources */ = {isa = PBXBuildFile; fileRef = 21D799701AD4AA9E00D7D939 /* facebookbutton.png */; };
		21D799731AD4B24300D7D939 /* log_white.png in Resources */ = {isa = PBXBuildFile; fileRef = 21D799721AD4B24300D7D939 /* log_white.png */; };
		21E5C6E81AD74ADD00631FE6 /* AudioToolbox.framework in Frameworks */ = {isa = PBXBuildFile; fileRef = 21E5C6E71AD74ADD00631FE6 /* AudioToolbox.framework */; };
		21E5C6EE1AD74C2600631FE6 /* MyNetHelper.m in Sources */ = {isa = PBXBuildFile; fileRef = 21E5C6EB1AD74C2600631FE6 /* MyNetHelper.m */; };
		21E5C6EF1AD74C2600631FE6 /* Reachability.m in Sources */ = {isa = PBXBuildFile; fileRef = 21E5C6ED1AD74C2600631FE6 /* Reachability.m */; };
		21E5C6F21AD7868300631FE6 /* RBStoreListVC.m in Sources */ = {isa = PBXBuildFile; fileRef = 21E5C6F11AD7868300631FE6 /* RBStoreListVC.m */; };
		21E5C6F51AD7A39900631FE6 /* RBMapVC.m in Sources */ = {isa = PBXBuildFile; fileRef = 21E5C6F41AD7A39900631FE6 /* RBMapVC.m */; };
		21E5C6F81AD7A77100631FE6 /* RBStoreVC.m in Sources */ = {isa = PBXBuildFile; fileRef = 21E5C6F71AD7A77100631FE6 /* RBStoreVC.m */; };
		21E5C6FB1AD7B2E300631FE6 /* RBCheckoutVC.m in Sources */ = {isa = PBXBuildFile; fileRef = 21E5C6FA1AD7B2E300631FE6 /* RBCheckoutVC.m */; };
		21E5C6FE1AD7D17B00631FE6 /* RBReceiptVC.m in Sources */ = {isa = PBXBuildFile; fileRef = 21E5C6FD1AD7D17B00631FE6 /* RBReceiptVC.m */; };
		21EA5C531AD615CD00A9418E /* navbar_background.png in Resources */ = {isa = PBXBuildFile; fileRef = 21EA5C521AD615CD00A9418E /* navbar_background.png */; };
		21EAB3411AE8FAF5005A41DB /* app_icon.png in Resources */ = {isa = PBXBuildFile; fileRef = 21EAB3401AE8FAF5005A41DB /* app_icon.png */; };
		21EAB3431AEA2C8D005A41DB /* app_lunch.png in Resources */ = {isa = PBXBuildFile; fileRef = 21EAB3421AEA2C8D005A41DB /* app_lunch.png */; };
		21EAB3451AEB0030005A41DB /* expired_iphone4.png in Resources */ = {isa = PBXBuildFile; fileRef = 21EAB3441AEB0030005A41DB /* expired_iphone4.png */; };
		21EBAF731AD3DDC5003635E9 /* main.m in Sources */ = {isa = PBXBuildFile; fileRef = 21EBAF721AD3DDC5003635E9 /* main.m */; };
		21EBAF761AD3DDC5003635E9 /* AppDelegate.m in Sources */ = {isa = PBXBuildFile; fileRef = 21EBAF751AD3DDC5003635E9 /* AppDelegate.m */; };
		21EBAF791AD3DDC5003635E9 /* ViewController.m in Sources */ = {isa = PBXBuildFile; fileRef = 21EBAF781AD3DDC5003635E9 /* ViewController.m */; };
		21EBAF7C1AD3DDC5003635E9 /* Main.storyboard in Resources */ = {isa = PBXBuildFile; fileRef = 21EBAF7A1AD3DDC5003635E9 /* Main.storyboard */; };
		21EBAF7E1AD3DDC5003635E9 /* Images.xcassets in Resources */ = {isa = PBXBuildFile; fileRef = 21EBAF7D1AD3DDC5003635E9 /* Images.xcassets */; };
		21EBAF811AD3DDC5003635E9 /* LaunchScreen.xib in Resources */ = {isa = PBXBuildFile; fileRef = 21EBAF7F1AD3DDC5003635E9 /* LaunchScreen.xib */; };
		21EBAF8D1AD3DDC5003635E9 /* RedBasketUserTests.m in Sources */ = {isa = PBXBuildFile; fileRef = 21EBAF8C1AD3DDC5003635E9 /* RedBasketUserTests.m */; };
		21EEED8F1AD92A6C003285CA /* libz.dylib in Frameworks */ = {isa = PBXBuildFile; fileRef = 21EEED8E1AD92A6C003285CA /* libz.dylib */; };
		21EEED911AD92A7B003285CA /* libxml2.dylib in Frameworks */ = {isa = PBXBuildFile; fileRef = 21EEED901AD92A7B003285CA /* libxml2.dylib */; };
		21EEED951AD92ACB003285CA /* libresolv.dylib in Frameworks */ = {isa = PBXBuildFile; fileRef = 21EEED941AD92ACB003285CA /* libresolv.dylib */; };
		21EEED971AD92B92003285CA /* MediaPlayer.framework in Frameworks */ = {isa = PBXBuildFile; fileRef = 21EEED961AD92B92003285CA /* MediaPlayer.framework */; };
		21EEEDA31AD92CAC003285CA /* libstdc++.dylib in Frameworks */ = {isa = PBXBuildFile; fileRef = 21EEEDA21AD92CAC003285CA /* libstdc++.dylib */; };
		21EEEDA51AD92D13003285CA /* QuartzCore.framework in Frameworks */ = {isa = PBXBuildFile; fileRef = 21EEEDA41AD92D13003285CA /* QuartzCore.framework */; };
		21F71E621AE1163D00A2001D /* BarCodeEAN13.m in Sources */ = {isa = PBXBuildFile; fileRef = 21F71E5B1AE1163D00A2001D /* BarCodeEAN13.m */; };
		21F71E631AE1163D00A2001D /* BarCodeView.m in Sources */ = {isa = PBXBuildFile; fileRef = 21F71E5D1AE1163D00A2001D /* BarCodeView.m */; };
		21F71E801AE3A69400A2001D /* push_sound.mp3 in Resources */ = {isa = PBXBuildFile; fileRef = 21F71E7F1AE3A69400A2001D /* push_sound.mp3 */; };
		CE0C9AF56BC5DA7C2CDD991B /* libPods-RedBasketUser.a in Frameworks */ = {isa = PBXBuildFile; fileRef = 81B6040AD2726DA6D94E045B /* libPods-RedBasketUser.a */; };
		DAA2A6971B590DAC00AFD888 /* RWCheckoutDisplayCell.m in Sources */ = {isa = PBXBuildFile; fileRef = DAA2A6941B590DAC00AFD888 /* RWCheckoutDisplayCell.m */; };
		DAA2A6981B590DAC00AFD888 /* StripePaymentVC.m in Sources */ = {isa = PBXBuildFile; fileRef = DAA2A6961B590DAC00AFD888 /* StripePaymentVC.m */; };
		DAA2A69B1B590DBA00AFD888 /* RWCheckoutInputCell.m in Sources */ = {isa = PBXBuildFile; fileRef = DAA2A69A1B590DBA00AFD888 /* RWCheckoutInputCell.m */; };
		DAA2A69E1B59149900AFD888 /* libPods-RedBasketUser-AFNetworking.a in Frameworks */ = {isa = PBXBuildFile; fileRef = DAA2A69C1B59149900AFD888 /* libPods-RedBasketUser-AFNetworking.a */; };
		DAA2A69F1B59149900AFD888 /* libPods-RedBasketUser-Stripe.a in Frameworks */ = {isa = PBXBuildFile; fileRef = DAA2A69D1B59149900AFD888 /* libPods-RedBasketUser-Stripe.a */; };
		DAA2A6A01B5914A400AFD888 /* CoreGraphics.framework in Frameworks */ = {isa = PBXBuildFile; fileRef = 21EEEDA01AD92C8E003285CA /* CoreGraphics.framework */; };
		DAA2A6A11B5914AC00AFD888 /* Foundation.framework in Frameworks */ = {isa = PBXBuildFile; fileRef = 21EEED9E1AD92C80003285CA /* Foundation.framework */; };
		DAD4DA1C1B57B76E0081CAC2 /* Stockton.gpx in Resources */ = {isa = PBXBuildFile; fileRef = DAD4DA1B1B57B76D0081CAC2 /* Stockton.gpx */; };
/* End PBXBuildFile section */

/* Begin PBXContainerItemProxy section */
		21EBAF871AD3DDC5003635E9 /* PBXContainerItemProxy */ = {
			isa = PBXContainerItemProxy;
			containerPortal = 21EBAF651AD3DDC5003635E9 /* Project object */;
			proxyType = 1;
			remoteGlobalIDString = 21EBAF6C1AD3DDC5003635E9;
			remoteInfo = RedBasketUser;
		};
/* End PBXContainerItemProxy section */

/* Begin PBXFileReference section */
		21025C281AEF776A00C5A474 /* usersidehelp.html */ = {isa = PBXFileReference; fileEncoding = 4; lastKnownFileType = text.html; path = usersidehelp.html; sourceTree = "<group>"; };
		21195BD41AE79395003A5596 /* expired.png */ = {isa = PBXFileReference; lastKnownFileType = image.png; path = expired.png; sourceTree = "<group>"; };
		214189761AD65D44005DDC16 /* past_white.png */ = {isa = PBXFileReference; lastKnownFileType = image.png; path = past_white.png; sourceTree = "<group>"; };
		2141898F1AD6B21B005DDC16 /* RBLoginVC.h */ = {isa = PBXFileReference; fileEncoding = 4; lastKnownFileType = sourcecode.c.h; path = RBLoginVC.h; sourceTree = "<group>"; };
		214189901AD6B21B005DDC16 /* RBLoginVC.m */ = {isa = PBXFileReference; fileEncoding = 4; lastKnownFileType = sourcecode.c.objc; path = RBLoginVC.m; sourceTree = "<group>"; };
		21930CAC1AD887F700E6546F /* RBPreferenceVC.h */ = {isa = PBXFileReference; fileEncoding = 4; lastKnownFileType = sourcecode.c.h; path = RBPreferenceVC.h; sourceTree = "<group>"; };
		21930CAD1AD887F700E6546F /* RBPreferenceVC.m */ = {isa = PBXFileReference; fileEncoding = 4; lastKnownFileType = sourcecode.c.objc; path = RBPreferenceVC.m; sourceTree = "<group>"; };
		21930CAF1AD88CAC00E6546F /* RBOrderHistoryVC.h */ = {isa = PBXFileReference; fileEncoding = 4; lastKnownFileType = sourcecode.c.h; path = RBOrderHistoryVC.h; sourceTree = "<group>"; };
		21930CB01AD88CAC00E6546F /* RBOrderHistoryVC.m */ = {isa = PBXFileReference; fileEncoding = 4; lastKnownFileType = sourcecode.c.objc; path = RBOrderHistoryVC.m; sourceTree = "<group>"; };
		21930CB21AD88FEA00E6546F /* RBHelpVC.h */ = {isa = PBXFileReference; fileEncoding = 4; lastKnownFileType = sourcecode.c.h; path = RBHelpVC.h; sourceTree = "<group>"; };
		21930CB31AD88FEA00E6546F /* RBHelpVC.m */ = {isa = PBXFileReference; fileEncoding = 4; lastKnownFileType = sourcecode.c.objc; path = RBHelpVC.m; sourceTree = "<group>"; };
		21930CB51AD8911100E6546F /* help_img.png */ = {isa = PBXFileReference; lastKnownFileType = image.png; path = help_img.png; sourceTree = "<group>"; };
		21930CB61AD8911100E6546F /* past_icon.png */ = {isa = PBXFileReference; lastKnownFileType = image.png; path = past_icon.png; sourceTree = "<group>"; };
		21930CB91AD8985B00E6546F /* libsqlite3.dylib */ = {isa = PBXFileReference; lastKnownFileType = "compiled.mach-o.dylib"; name = libsqlite3.dylib; path = usr/lib/libsqlite3.dylib; sourceTree = SDKROOT; };
		21930CBB1AD8997800E6546F /* MobileCoreServices.framework */ = {isa = PBXFileReference; lastKnownFileType = wrapper.framework; name = MobileCoreServices.framework; path = System/Library/Frameworks/MobileCoreServices.framework; sourceTree = SDKROOT; };
		21930CBD1AD899A200E6546F /* AVFoundation.framework */ = {isa = PBXFileReference; lastKnownFileType = wrapper.framework; name = AVFoundation.framework; path = System/Library/Frameworks/AVFoundation.framework; sourceTree = SDKROOT; };
		21930CBF1AD899AA00E6546F /* CoreMedia.framework */ = {isa = PBXFileReference; lastKnownFileType = wrapper.framework; name = CoreMedia.framework; path = System/Library/Frameworks/CoreMedia.framework; sourceTree = SDKROOT; };
		21930CC11AD899BB00E6546F /* MessageUI.framework */ = {isa = PBXFileReference; lastKnownFileType = wrapper.framework; name = MessageUI.framework; path = System/Library/Frameworks/MessageUI.framework; sourceTree = SDKROOT; };
		21930CC31AD899DE00E6546F /* SystemConfiguration.framework */ = {isa = PBXFileReference; lastKnownFileType = wrapper.framework; name = SystemConfiguration.framework; path = System/Library/Frameworks/SystemConfiguration.framework; sourceTree = SDKROOT; };
		21D798F21AD493DF00D7D939 /* Constants.h */ = {isa = PBXFileReference; fileEncoding = 4; lastKnownFileType = sourcecode.c.h; path = Constants.h; sourceTree = "<group>"; };
		21D798F31AD493DF00D7D939 /* DownMenuViewController.h */ = {isa = PBXFileReference; fileEncoding = 4; lastKnownFileType = sourcecode.c.h; path = DownMenuViewController.h; sourceTree = "<group>"; };
		21D798F41AD493DF00D7D939 /* DownMenuViewController.m */ = {isa = PBXFileReference; fileEncoding = 4; lastKnownFileType = sourcecode.c.objc; path = DownMenuViewController.m; sourceTree = "<group>"; };
		21D798F61AD493DF00D7D939 /* libPayPalMPL.a */ = {isa = PBXFileReference; lastKnownFileType = archive.ar; path = libPayPalMPL.a; sourceTree = "<group>"; };
		21D798F71AD493DF00D7D939 /* PayPal.h */ = {isa = PBXFileReference; fileEncoding = 4; lastKnownFileType = sourcecode.c.h; path = PayPal.h; sourceTree = "<group>"; };
		21D798F81AD493DF00D7D939 /* PayPalAddress.h */ = {isa = PBXFileReference; fileEncoding = 4; lastKnownFileType = sourcecode.c.h; path = PayPalAddress.h; sourceTree = "<group>"; };
		21D798F91AD493DF00D7D939 /* PayPalAdvancedPayment.h */ = {isa = PBXFileReference; fileEncoding = 4; lastKnownFileType = sourcecode.c.h; path = PayPalAdvancedPayment.h; sourceTree = "<group>"; };
		21D798FA1AD493DF00D7D939 /* PayPalAmounts.h */ = {isa = PBXFileReference; fileEncoding = 4; lastKnownFileType = sourcecode.c.h; path = PayPalAmounts.h; sourceTree = "<group>"; };
		21D798FB1AD493DF00D7D939 /* PayPalInvoiceData.h */ = {isa = PBXFileReference; fileEncoding = 4; lastKnownFileType = sourcecode.c.h; path = PayPalInvoiceData.h; sourceTree = "<group>"; };
		21D798FC1AD493DF00D7D939 /* PayPalInvoiceItem.h */ = {isa = PBXFileReference; fileEncoding = 4; lastKnownFileType = sourcecode.c.h; path = PayPalInvoiceItem.h; sourceTree = "<group>"; };
		21D798FD1AD493DF00D7D939 /* PayPalPayment.h */ = {isa = PBXFileReference; fileEncoding = 4; lastKnownFileType = sourcecode.c.h; path = PayPalPayment.h; sourceTree = "<group>"; };
		21D798FE1AD493DF00D7D939 /* PayPalPreapprovalDetails.h */ = {isa = PBXFileReference; fileEncoding = 4; lastKnownFileType = sourcecode.c.h; path = PayPalPreapprovalDetails.h; sourceTree = "<group>"; };
		21D798FF1AD493DF00D7D939 /* PayPalReceiverAmounts.h */ = {isa = PBXFileReference; fileEncoding = 4; lastKnownFileType = sourcecode.c.h; path = PayPalReceiverAmounts.h; sourceTree = "<group>"; };
		21D799001AD493DF00D7D939 /* PayPalReceiverPaymentDetails.h */ = {isa = PBXFileReference; fileEncoding = 4; lastKnownFileType = sourcecode.c.h; path = PayPalReceiverPaymentDetails.h; sourceTree = "<group>"; };
		21D799011AD493DF00D7D939 /* LTSupport2.framework */ = {isa = PBXFileReference; lastKnownFileType = wrapper.framework; name = LTSupport2.framework; path = RedBasketUser/Class/LTSupport2.framework; sourceTree = "<group>"; };
		21D799031AD493DF00D7D939 /* BasicMapAnnotation.h */ = {isa = PBXFileReference; fileEncoding = 4; lastKnownFileType = sourcecode.c.h; path = BasicMapAnnotation.h; sourceTree = "<group>"; };
		21D799041AD493DF00D7D939 /* BasicMapAnnotation.m */ = {isa = PBXFileReference; fileEncoding = 4; lastKnownFileType = sourcecode.c.objc; path = BasicMapAnnotation.m; sourceTree = "<group>"; };
		21D799051AD493DF00D7D939 /* SVPulsingAnnotationView.h */ = {isa = PBXFileReference; fileEncoding = 4; lastKnownFileType = sourcecode.c.h; path = SVPulsingAnnotationView.h; sourceTree = "<group>"; };
		21D799061AD493DF00D7D939 /* SVPulsingAnnotationView.m */ = {isa = PBXFileReference; fileEncoding = 4; lastKnownFileType = sourcecode.c.objc; path = SVPulsingAnnotationView.m; sourceTree = "<group>"; };
		21D7991E1AD493DF00D7D939 /* ServerManager.h */ = {isa = PBXFileReference; fileEncoding = 4; lastKnownFileType = sourcecode.c.h; path = ServerManager.h; sourceTree = "<group>"; };
		21D7991F1AD493DF00D7D939 /* ServerManager.m */ = {isa = PBXFileReference; fileEncoding = 4; lastKnownFileType = sourcecode.c.objc; path = ServerManager.m; sourceTree = "<group>"; };
		21D7993A1AD493DF00D7D939 /* FacebookSDK.framework */ = {isa = PBXFileReference; lastKnownFileType = wrapper.framework; path = FacebookSDK.framework; sourceTree = "<group>"; };
		21D799551AD4986F00D7D939 /* PrefixHeader.pch */ = {isa = PBXFileReference; fileEncoding = 4; lastKnownFileType = sourcecode.c.h; path = PrefixHeader.pch; sourceTree = "<group>"; };
		21D799561AD49C0900D7D939 /* basket_marker.png */ = {isa = PBXFileReference; lastKnownFileType = image.png; path = basket_marker.png; sourceTree = "<group>"; };
		21D799571AD49C0900D7D939 /* facebook_icon.png */ = {isa = PBXFileReference; lastKnownFileType = image.png; path = facebook_icon.png; sourceTree = "<group>"; };
		21D799581AD49C0900D7D939 /* hand_icon.png */ = {isa = PBXFileReference; lastKnownFileType = image.png; path = hand_icon.png; sourceTree = "<group>"; };
		21D799591AD49C0900D7D939 /* help.png */ = {isa = PBXFileReference; lastKnownFileType = image.png; path = help.png; sourceTree = "<group>"; };
		21D7995A1AD49C0900D7D939 /* home.png */ = {isa = PBXFileReference; lastKnownFileType = image.png; path = home.png; sourceTree = "<group>"; };
		21D7995B1AD49C0900D7D939 /* log.png */ = {isa = PBXFileReference; lastKnownFileType = image.png; path = log.png; sourceTree = "<group>"; };
		21D7995C1AD49C0900D7D939 /* logout.png */ = {isa = PBXFileReference; lastKnownFileType = image.png; path = logout.png; sourceTree = "<group>"; };
		21D7995D1AD49C0900D7D939 /* map_icon.png */ = {isa = PBXFileReference; lastKnownFileType = image.png; path = map_icon.png; sourceTree = "<group>"; };
		21D7995E1AD49C0900D7D939 /* menu.png */ = {isa = PBXFileReference; lastKnownFileType = image.png; path = menu.png; sourceTree = "<group>"; };
		21D7995F1AD49C0900D7D939 /* order_counter.png */ = {isa = PBXFileReference; lastKnownFileType = image.png; path = order_counter.png; sourceTree = "<group>"; };
		21D799601AD49C0900D7D939 /* order_icon.png */ = {isa = PBXFileReference; lastKnownFileType = image.png; path = order_icon.png; sourceTree = "<group>"; };
		21D799611AD49C0900D7D939 /* phone_call.png */ = {isa = PBXFileReference; lastKnownFileType = image.png; path = phone_call.png; sourceTree = "<group>"; };
		21D799621AD49C0900D7D939 /* setting.png */ = {isa = PBXFileReference; lastKnownFileType = image.png; path = setting.png; sourceTree = "<group>"; };
		21D799701AD4AA9E00D7D939 /* facebookbutton.png */ = {isa = PBXFileReference; lastKnownFileType = image.png; path = facebookbutton.png; sourceTree = "<group>"; };
		21D799721AD4B24300D7D939 /* log_white.png */ = {isa = PBXFileReference; lastKnownFileType = image.png; path = log_white.png; sourceTree = "<group>"; };
		21E5C6E71AD74ADD00631FE6 /* AudioToolbox.framework */ = {isa = PBXFileReference; lastKnownFileType = wrapper.framework; name = AudioToolbox.framework; path = System/Library/Frameworks/AudioToolbox.framework; sourceTree = SDKROOT; };
		21E5C6EA1AD74C2600631FE6 /* MyNetHelper.h */ = {isa = PBXFileReference; fileEncoding = 4; lastKnownFileType = sourcecode.c.h; path = MyNetHelper.h; sourceTree = "<group>"; };
		21E5C6EB1AD74C2600631FE6 /* MyNetHelper.m */ = {isa = PBXFileReference; fileEncoding = 4; lastKnownFileType = sourcecode.c.objc; path = MyNetHelper.m; sourceTree = "<group>"; };
		21E5C6EC1AD74C2600631FE6 /* Reachability.h */ = {isa = PBXFileReference; fileEncoding = 4; lastKnownFileType = sourcecode.c.h; path = Reachability.h; sourceTree = "<group>"; };
		21E5C6ED1AD74C2600631FE6 /* Reachability.m */ = {isa = PBXFileReference; fileEncoding = 4; lastKnownFileType = sourcecode.c.objc; path = Reachability.m; sourceTree = "<group>"; };
		21E5C6F01AD7868300631FE6 /* RBStoreListVC.h */ = {isa = PBXFileReference; fileEncoding = 4; lastKnownFileType = sourcecode.c.h; path = RBStoreListVC.h; sourceTree = "<group>"; };
		21E5C6F11AD7868300631FE6 /* RBStoreListVC.m */ = {isa = PBXFileReference; fileEncoding = 4; lastKnownFileType = sourcecode.c.objc; path = RBStoreListVC.m; sourceTree = "<group>"; };
		21E5C6F31AD7A39900631FE6 /* RBMapVC.h */ = {isa = PBXFileReference; fileEncoding = 4; lastKnownFileType = sourcecode.c.h; path = RBMapVC.h; sourceTree = "<group>"; };
		21E5C6F41AD7A39900631FE6 /* RBMapVC.m */ = {isa = PBXFileReference; fileEncoding = 4; lastKnownFileType = sourcecode.c.objc; path = RBMapVC.m; sourceTree = "<group>"; };
		21E5C6F61AD7A77100631FE6 /* RBStoreVC.h */ = {isa = PBXFileReference; fileEncoding = 4; lastKnownFileType = sourcecode.c.h; path = RBStoreVC.h; sourceTree = "<group>"; };
		21E5C6F71AD7A77100631FE6 /* RBStoreVC.m */ = {isa = PBXFileReference; fileEncoding = 4; lastKnownFileType = sourcecode.c.objc; path = RBStoreVC.m; sourceTree = "<group>"; };
		21E5C6F91AD7B2E300631FE6 /* RBCheckoutVC.h */ = {isa = PBXFileReference; fileEncoding = 4; lastKnownFileType = sourcecode.c.h; path = RBCheckoutVC.h; sourceTree = "<group>"; };
		21E5C6FA1AD7B2E300631FE6 /* RBCheckoutVC.m */ = {isa = PBXFileReference; fileEncoding = 4; lastKnownFileType = sourcecode.c.objc; path = RBCheckoutVC.m; sourceTree = "<group>"; };
		21E5C6FC1AD7D17B00631FE6 /* RBReceiptVC.h */ = {isa = PBXFileReference; fileEncoding = 4; lastKnownFileType = sourcecode.c.h; path = RBReceiptVC.h; sourceTree = "<group>"; };
		21E5C6FD1AD7D17B00631FE6 /* RBReceiptVC.m */ = {isa = PBXFileReference; fileEncoding = 4; lastKnownFileType = sourcecode.c.objc; path = RBReceiptVC.m; sourceTree = "<group>"; };
		21EA5C521AD615CD00A9418E /* navbar_background.png */ = {isa = PBXFileReference; lastKnownFileType = image.png; path = navbar_background.png; sourceTree = "<group>"; };
		21EAB3401AE8FAF5005A41DB /* app_icon.png */ = {isa = PBXFileReference; lastKnownFileType = image.png; path = app_icon.png; sourceTree = "<group>"; };
		21EAB3421AEA2C8D005A41DB /* app_lunch.png */ = {isa = PBXFileReference; lastKnownFileType = image.png; path = app_lunch.png; sourceTree = "<group>"; };
		21EAB3441AEB0030005A41DB /* expired_iphone4.png */ = {isa = PBXFileReference; lastKnownFileType = image.png; path = expired_iphone4.png; sourceTree = "<group>"; };
		21EBAF6D1AD3DDC5003635E9 /* RedBasketUser.app */ = {isa = PBXFileReference; explicitFileType = wrapper.application; includeInIndex = 0; path = RedBasketUser.app; sourceTree = BUILT_PRODUCTS_DIR; };
		21EBAF711AD3DDC5003635E9 /* Info.plist */ = {isa = PBXFileReference; lastKnownFileType = text.plist.xml; path = Info.plist; sourceTree = "<group>"; };
		21EBAF721AD3DDC5003635E9 /* main.m */ = {isa = PBXFileReference; lastKnownFileType = sourcecode.c.objc; path = main.m; sourceTree = "<group>"; };
		21EBAF741AD3DDC5003635E9 /* AppDelegate.h */ = {isa = PBXFileReference; lastKnownFileType = sourcecode.c.h; path = AppDelegate.h; sourceTree = "<group>"; };
		21EBAF751AD3DDC5003635E9 /* AppDelegate.m */ = {isa = PBXFileReference; lastKnownFileType = sourcecode.c.objc; path = AppDelegate.m; sourceTree = "<group>"; };
		21EBAF771AD3DDC5003635E9 /* ViewController.h */ = {isa = PBXFileReference; lastKnownFileType = sourcecode.c.h; path = ViewController.h; sourceTree = "<group>"; };
		21EBAF781AD3DDC5003635E9 /* ViewController.m */ = {isa = PBXFileReference; lastKnownFileType = sourcecode.c.objc; path = ViewController.m; sourceTree = "<group>"; };
		21EBAF7B1AD3DDC5003635E9 /* Base */ = {isa = PBXFileReference; lastKnownFileType = file.storyboard; name = Base; path = Base.lproj/Main.storyboard; sourceTree = "<group>"; };
		21EBAF7D1AD3DDC5003635E9 /* Images.xcassets */ = {isa = PBXFileReference; lastKnownFileType = folder.assetcatalog; path = Images.xcassets; sourceTree = "<group>"; };
		21EBAF801AD3DDC5003635E9 /* Base */ = {isa = PBXFileReference; lastKnownFileType = file.xib; name = Base; path = Base.lproj/LaunchScreen.xib; sourceTree = "<group>"; };
		21EBAF861AD3DDC5003635E9 /* RedBasketUserTests.xctest */ = {isa = PBXFileReference; explicitFileType = wrapper.cfbundle; includeInIndex = 0; path = RedBasketUserTests.xctest; sourceTree = BUILT_PRODUCTS_DIR; };
		21EBAF8B1AD3DDC5003635E9 /* Info.plist */ = {isa = PBXFileReference; lastKnownFileType = text.plist.xml; path = Info.plist; sourceTree = "<group>"; };
		21EBAF8C1AD3DDC5003635E9 /* RedBasketUserTests.m */ = {isa = PBXFileReference; lastKnownFileType = sourcecode.c.objc; path = RedBasketUserTests.m; sourceTree = "<group>"; };
		21EEED7E1AD929B1003285CA /* CoreLocation.framework */ = {isa = PBXFileReference; lastKnownFileType = wrapper.framework; name = CoreLocation.framework; path = System/Library/Frameworks/CoreLocation.framework; sourceTree = SDKROOT; };
		21EEED801AD929F2003285CA /* CFNetwork.framework */ = {isa = PBXFileReference; lastKnownFileType = wrapper.framework; name = CFNetwork.framework; path = System/Library/Frameworks/CFNetwork.framework; sourceTree = SDKROOT; };
		21EEED821AD92A03003285CA /* libxml2.2.dylib */ = {isa = PBXFileReference; lastKnownFileType = "compiled.mach-o.dylib"; name = libxml2.2.dylib; path = usr/lib/libxml2.2.dylib; sourceTree = SDKROOT; };
		21EEED841AD92A34003285CA /* Accounts.framework */ = {isa = PBXFileReference; lastKnownFileType = wrapper.framework; name = Accounts.framework; path = System/Library/Frameworks/Accounts.framework; sourceTree = SDKROOT; };
		21EEED861AD92A3B003285CA /* Social.framework */ = {isa = PBXFileReference; lastKnownFileType = wrapper.framework; name = Social.framework; path = System/Library/Frameworks/Social.framework; sourceTree = SDKROOT; };
		21EEED881AD92A46003285CA /* CoreData.framework */ = {isa = PBXFileReference; lastKnownFileType = wrapper.framework; name = CoreData.framework; path = System/Library/Frameworks/CoreData.framework; sourceTree = SDKROOT; };
		21EEED8A1AD92A57003285CA /* AddressBook.framework */ = {isa = PBXFileReference; lastKnownFileType = wrapper.framework; name = AddressBook.framework; path = System/Library/Frameworks/AddressBook.framework; sourceTree = SDKROOT; };
		21EEED8C1AD92A60003285CA /* Security.framework */ = {isa = PBXFileReference; lastKnownFileType = wrapper.framework; name = Security.framework; path = System/Library/Frameworks/Security.framework; sourceTree = SDKROOT; };
		21EEED8E1AD92A6C003285CA /* libz.dylib */ = {isa = PBXFileReference; lastKnownFileType = "compiled.mach-o.dylib"; name = libz.dylib; path = usr/lib/libz.dylib; sourceTree = SDKROOT; };
		21EEED901AD92A7B003285CA /* libxml2.dylib */ = {isa = PBXFileReference; lastKnownFileType = "compiled.mach-o.dylib"; name = libxml2.dylib; path = usr/lib/libxml2.dylib; sourceTree = SDKROOT; };
		21EEED921AD92AB7003285CA /* libiconv.dylib */ = {isa = PBXFileReference; lastKnownFileType = "compiled.mach-o.dylib"; name = libiconv.dylib; path = usr/lib/libiconv.dylib; sourceTree = SDKROOT; };
		21EEED941AD92ACB003285CA /* libresolv.dylib */ = {isa = PBXFileReference; lastKnownFileType = "compiled.mach-o.dylib"; name = libresolv.dylib; path = usr/lib/libresolv.dylib; sourceTree = SDKROOT; };
		21EEED961AD92B92003285CA /* MediaPlayer.framework */ = {isa = PBXFileReference; lastKnownFileType = wrapper.framework; name = MediaPlayer.framework; path = System/Library/Frameworks/MediaPlayer.framework; sourceTree = SDKROOT; };
		21EEED981AD92BAD003285CA /* CoreTelephony.framework */ = {isa = PBXFileReference; lastKnownFileType = wrapper.framework; name = CoreTelephony.framework; path = System/Library/Frameworks/CoreTelephony.framework; sourceTree = SDKROOT; };
		21EEED9A1AD92BBE003285CA /* AddressBookUI.framework */ = {isa = PBXFileReference; lastKnownFileType = wrapper.framework; name = AddressBookUI.framework; path = System/Library/Frameworks/AddressBookUI.framework; sourceTree = SDKROOT; };
		21EEED9C1AD92C6C003285CA /* CoreFoundation.framework */ = {isa = PBXFileReference; lastKnownFileType = wrapper.framework; name = CoreFoundation.framework; path = System/Library/Frameworks/CoreFoundation.framework; sourceTree = SDKROOT; };
		21EEED9E1AD92C80003285CA /* Foundation.framework */ = {isa = PBXFileReference; lastKnownFileType = wrapper.framework; name = Foundation.framework; path = System/Library/Frameworks/Foundation.framework; sourceTree = SDKROOT; };
		21EEEDA01AD92C8E003285CA /* CoreGraphics.framework */ = {isa = PBXFileReference; lastKnownFileType = wrapper.framework; name = CoreGraphics.framework; path = System/Library/Frameworks/CoreGraphics.framework; sourceTree = SDKROOT; };
		21EEEDA21AD92CAC003285CA /* libstdc++.dylib */ = {isa = PBXFileReference; lastKnownFileType = "compiled.mach-o.dylib"; name = "libstdc++.dylib"; path = "usr/lib/libstdc++.dylib"; sourceTree = SDKROOT; };
		21EEEDA41AD92D13003285CA /* QuartzCore.framework */ = {isa = PBXFileReference; lastKnownFileType = wrapper.framework; name = QuartzCore.framework; path = System/Library/Frameworks/QuartzCore.framework; sourceTree = SDKROOT; };
		21F71E5A1AE1163D00A2001D /* BarCodeEAN13.h */ = {isa = PBXFileReference; fileEncoding = 4; lastKnownFileType = sourcecode.c.h; path = BarCodeEAN13.h; sourceTree = "<group>"; };
		21F71E5B1AE1163D00A2001D /* BarCodeEAN13.m */ = {isa = PBXFileReference; fileEncoding = 4; lastKnownFileType = sourcecode.c.objc; path = BarCodeEAN13.m; sourceTree = "<group>"; };
		21F71E5C1AE1163D00A2001D /* BarCodeView.h */ = {isa = PBXFileReference; fileEncoding = 4; lastKnownFileType = sourcecode.c.h; path = BarCodeView.h; sourceTree = "<group>"; };
		21F71E5D1AE1163D00A2001D /* BarCodeView.m */ = {isa = PBXFileReference; fileEncoding = 4; lastKnownFileType = sourcecode.c.objc; path = BarCodeView.m; sourceTree = "<group>"; };
		21F71E7F1AE3A69400A2001D /* push_sound.mp3 */ = {isa = PBXFileReference; lastKnownFileType = audio.mp3; path = push_sound.mp3; sourceTree = "<group>"; };
		81B6040AD2726DA6D94E045B /* libPods-RedBasketUser.a */ = {isa = PBXFileReference; explicitFileType = archive.ar; includeInIndex = 0; path = "libPods-RedBasketUser.a"; sourceTree = BUILT_PRODUCTS_DIR; };
		CF13D4A31EE060781EFCEE16 /* Pods-RedBasketUser.debug.xcconfig */ = {isa = PBXFileReference; includeInIndex = 1; lastKnownFileType = text.xcconfig; name = "Pods-RedBasketUser.debug.xcconfig"; path = "Pods/Target Support Files/Pods-RedBasketUser/Pods-RedBasketUser.debug.xcconfig"; sourceTree = "<group>"; };
		D24FB7F915926D2C4B6BF56E /* Pods-RedBasketUser.release.xcconfig */ = {isa = PBXFileReference; includeInIndex = 1; lastKnownFileType = text.xcconfig; name = "Pods-RedBasketUser.release.xcconfig"; path = "Pods/Target Support Files/Pods-RedBasketUser/Pods-RedBasketUser.release.xcconfig"; sourceTree = "<group>"; };
		DAA2A6931B590DAC00AFD888 /* RWCheckoutDisplayCell.h */ = {isa = PBXFileReference; fileEncoding = 4; lastKnownFileType = sourcecode.c.h; path = RWCheckoutDisplayCell.h; sourceTree = "<group>"; };
		DAA2A6941B590DAC00AFD888 /* RWCheckoutDisplayCell.m */ = {isa = PBXFileReference; fileEncoding = 4; lastKnownFileType = sourcecode.c.objc; path = RWCheckoutDisplayCell.m; sourceTree = "<group>"; };
		DAA2A6951B590DAC00AFD888 /* StripePaymentVC.h */ = {isa = PBXFileReference; fileEncoding = 4; lastKnownFileType = sourcecode.c.h; path = StripePaymentVC.h; sourceTree = "<group>"; };
		DAA2A6961B590DAC00AFD888 /* StripePaymentVC.m */ = {isa = PBXFileReference; fileEncoding = 4; lastKnownFileType = sourcecode.c.objc; path = StripePaymentVC.m; sourceTree = "<group>"; };
		DAA2A6991B590DBA00AFD888 /* RWCheckoutInputCell.h */ = {isa = PBXFileReference; fileEncoding = 4; lastKnownFileType = sourcecode.c.h; path = RWCheckoutInputCell.h; sourceTree = "<group>"; };
		DAA2A69A1B590DBA00AFD888 /* RWCheckoutInputCell.m */ = {isa = PBXFileReference; fileEncoding = 4; lastKnownFileType = sourcecode.c.objc; path = RWCheckoutInputCell.m; sourceTree = "<group>"; };
		DAA2A69C1B59149900AFD888 /* libPods-RedBasketUser-AFNetworking.a */ = {isa = PBXFileReference; lastKnownFileType = archive.ar; name = "libPods-RedBasketUser-AFNetworking.a"; path = "Pods/../build/Debug-iphoneos/libPods-RedBasketUser-AFNetworking.a"; sourceTree = "<group>"; };
		DAA2A69D1B59149900AFD888 /* libPods-RedBasketUser-Stripe.a */ = {isa = PBXFileReference; lastKnownFileType = archive.ar; name = "libPods-RedBasketUser-Stripe.a"; path = "Pods/../build/Debug-iphoneos/libPods-RedBasketUser-Stripe.a"; sourceTree = "<group>"; };
		DAD4DA1B1B57B76D0081CAC2 /* Stockton.gpx */ = {isa = PBXFileReference; fileEncoding = 4; lastKnownFileType = text.xml; path = Stockton.gpx; sourceTree = "<group>"; };
		E76606D69479D364EE410F7F /* Pods-RedBasketUser.distribution.xcconfig */ = {isa = PBXFileReference; includeInIndex = 1; lastKnownFileType = text.xcconfig; name = "Pods-RedBasketUser.distribution.xcconfig"; path = "Pods/Target Support Files/Pods-RedBasketUser/Pods-RedBasketUser.distribution.xcconfig"; sourceTree = "<group>"; };
/* End PBXFileReference section */

/* Begin PBXFrameworksBuildPhase section */
		21EBAF6A1AD3DDC5003635E9 /* Frameworks */ = {
			isa = PBXFrameworksBuildPhase;
			buildActionMask = 2147483647;
			files = (
				DAA2A6A11B5914AC00AFD888 /* Foundation.framework in Frameworks */,
				DAA2A6A01B5914A400AFD888 /* CoreGraphics.framework in Frameworks */,
				DAA2A69E1B59149900AFD888 /* libPods-RedBasketUser-AFNetworking.a in Frameworks */,
				DAA2A69F1B59149900AFD888 /* libPods-RedBasketUser-Stripe.a in Frameworks */,
				21EEEDA51AD92D13003285CA /* QuartzCore.framework in Frameworks */,
				21EEEDA31AD92CAC003285CA /* libstdc++.dylib in Frameworks */,
				21EEED971AD92B92003285CA /* MediaPlayer.framework in Frameworks */,
				21EEED951AD92ACB003285CA /* libresolv.dylib in Frameworks */,
				21EEED911AD92A7B003285CA /* libxml2.dylib in Frameworks */,
				21EEED8F1AD92A6C003285CA /* libz.dylib in Frameworks */,
				21930CC41AD899DE00E6546F /* SystemConfiguration.framework in Frameworks */,
				21930CC21AD899BB00E6546F /* MessageUI.framework in Frameworks */,
				21930CC01AD899AA00E6546F /* CoreMedia.framework in Frameworks */,
				21930CBE1AD899A200E6546F /* AVFoundation.framework in Frameworks */,
				21930CBC1AD8997800E6546F /* MobileCoreServices.framework in Frameworks */,
				21930CBA1AD8985B00E6546F /* libsqlite3.dylib in Frameworks */,
				21E5C6E81AD74ADD00631FE6 /* AudioToolbox.framework in Frameworks */,
				21D7993C1AD493DF00D7D939 /* libPayPalMPL.a in Frameworks */,
				21D7993D1AD493DF00D7D939 /* LTSupport2.framework in Frameworks */,
				21D799541AD493DF00D7D939 /* FacebookSDK.framework in Frameworks */,
				CE0C9AF56BC5DA7C2CDD991B /* libPods-RedBasketUser.a in Frameworks */,
			);
			runOnlyForDeploymentPostprocessing = 0;
		};
		21EBAF831AD3DDC5003635E9 /* Frameworks */ = {
			isa = PBXFrameworksBuildPhase;
			buildActionMask = 2147483647;
			files = (
			);
			runOnlyForDeploymentPostprocessing = 0;
		};
/* End PBXFrameworksBuildPhase section */

/* Begin PBXGroup section */
		2141898E1AD6B1D2005DDC16 /* ViewController */ = {
			isa = PBXGroup;
			children = (
				DAA2A6921B590D8A00AFD888 /* StripePayment */,
				2141898F1AD6B21B005DDC16 /* RBLoginVC.h */,
				214189901AD6B21B005DDC16 /* RBLoginVC.m */,
				21E5C6F01AD7868300631FE6 /* RBStoreListVC.h */,
				21E5C6F11AD7868300631FE6 /* RBStoreListVC.m */,
				21E5C6F31AD7A39900631FE6 /* RBMapVC.h */,
				21E5C6F41AD7A39900631FE6 /* RBMapVC.m */,
				21E5C6F61AD7A77100631FE6 /* RBStoreVC.h */,
				21E5C6F71AD7A77100631FE6 /* RBStoreVC.m */,
				21E5C6F91AD7B2E300631FE6 /* RBCheckoutVC.h */,
				21E5C6FA1AD7B2E300631FE6 /* RBCheckoutVC.m */,
				21E5C6FC1AD7D17B00631FE6 /* RBReceiptVC.h */,
				21E5C6FD1AD7D17B00631FE6 /* RBReceiptVC.m */,
				21930CAC1AD887F700E6546F /* RBPreferenceVC.h */,
				21930CAD1AD887F700E6546F /* RBPreferenceVC.m */,
				21930CAF1AD88CAC00E6546F /* RBOrderHistoryVC.h */,
				21930CB01AD88CAC00E6546F /* RBOrderHistoryVC.m */,
				21930CB21AD88FEA00E6546F /* RBHelpVC.h */,
				21930CB31AD88FEA00E6546F /* RBHelpVC.m */,
			);
			path = ViewController;
			sourceTree = "<group>";
		};
		21D798F11AD493DF00D7D939 /* Class */ = {
			isa = PBXGroup;
			children = (
				21D798F21AD493DF00D7D939 /* Constants.h */,
				21F71E581AE1163D00A2001D /* Barcode */,
				21E5C6E91AD74C2600631FE6 /* MyNetHelper */,
				21D798F51AD493DF00D7D939 /* Library */,
				21D799021AD493DF00D7D939 /* Map */,
				2141898E1AD6B1D2005DDC16 /* ViewController */,
				21D7991E1AD493DF00D7D939 /* ServerManager.h */,
				21D7991F1AD493DF00D7D939 /* ServerManager.m */,
				21D798F31AD493DF00D7D939 /* DownMenuViewController.h */,
				21D798F41AD493DF00D7D939 /* DownMenuViewController.m */,
			);
			path = Class;
			sourceTree = "<group>";
		};
		21D798F51AD493DF00D7D939 /* Library */ = {
			isa = PBXGroup;
			children = (
				21D798F61AD493DF00D7D939 /* libPayPalMPL.a */,
				21D798F71AD493DF00D7D939 /* PayPal.h */,
				21D798F81AD493DF00D7D939 /* PayPalAddress.h */,
				21D798F91AD493DF00D7D939 /* PayPalAdvancedPayment.h */,
				21D798FA1AD493DF00D7D939 /* PayPalAmounts.h */,
				21D798FB1AD493DF00D7D939 /* PayPalInvoiceData.h */,
				21D798FC1AD493DF00D7D939 /* PayPalInvoiceItem.h */,
				21D798FD1AD493DF00D7D939 /* PayPalPayment.h */,
				21D798FE1AD493DF00D7D939 /* PayPalPreapprovalDetails.h */,
				21D798FF1AD493DF00D7D939 /* PayPalReceiverAmounts.h */,
				21D799001AD493DF00D7D939 /* PayPalReceiverPaymentDetails.h */,
			);
			path = Library;
			sourceTree = "<group>";
		};
		21D799021AD493DF00D7D939 /* Map */ = {
			isa = PBXGroup;
			children = (
				21D799031AD493DF00D7D939 /* BasicMapAnnotation.h */,
				21D799041AD493DF00D7D939 /* BasicMapAnnotation.m */,
				21D799051AD493DF00D7D939 /* SVPulsingAnnotationView.h */,
				21D799061AD493DF00D7D939 /* SVPulsingAnnotationView.m */,
			);
			path = Map;
			sourceTree = "<group>";
		};
		21D799341AD493DF00D7D939 /* Resource */ = {
			isa = PBXGroup;
			children = (
				21D799351AD493DF00D7D939 /* Files */,
				21D799361AD493DF00D7D939 /* icons */,
			);
			path = Resource;
			sourceTree = "<group>";
		};
		21D799351AD493DF00D7D939 /* Files */ = {
			isa = PBXGroup;
			children = (
				21025C281AEF776A00C5A474 /* usersidehelp.html */,
				21F71E7F1AE3A69400A2001D /* push_sound.mp3 */,
			);
			path = Files;
			sourceTree = "<group>";
		};
		21D799361AD493DF00D7D939 /* icons */ = {
			isa = PBXGroup;
			children = (
				21EAB3441AEB0030005A41DB /* expired_iphone4.png */,
				21EAB3421AEA2C8D005A41DB /* app_lunch.png */,
				21EAB3401AE8FAF5005A41DB /* app_icon.png */,
				21195BD41AE79395003A5596 /* expired.png */,
				21930CB51AD8911100E6546F /* help_img.png */,
				21930CB61AD8911100E6546F /* past_icon.png */,
				214189761AD65D44005DDC16 /* past_white.png */,
				21EA5C521AD615CD00A9418E /* navbar_background.png */,
				21D799721AD4B24300D7D939 /* log_white.png */,
				21D799701AD4AA9E00D7D939 /* facebookbutton.png */,
				21D799561AD49C0900D7D939 /* basket_marker.png */,
				21D799571AD49C0900D7D939 /* facebook_icon.png */,
				21D799581AD49C0900D7D939 /* hand_icon.png */,
				21D799591AD49C0900D7D939 /* help.png */,
				21D7995A1AD49C0900D7D939 /* home.png */,
				21D7995B1AD49C0900D7D939 /* log.png */,
				21D7995C1AD49C0900D7D939 /* logout.png */,
				21D7995D1AD49C0900D7D939 /* map_icon.png */,
				21D7995E1AD49C0900D7D939 /* menu.png */,
				21D7995F1AD49C0900D7D939 /* order_counter.png */,
				21D799601AD49C0900D7D939 /* order_icon.png */,
				21D799611AD49C0900D7D939 /* phone_call.png */,
				21D799621AD49C0900D7D939 /* setting.png */,
			);
			path = icons;
			sourceTree = "<group>";
		};
		21D799391AD493DF00D7D939 /* Social_SDK */ = {
			isa = PBXGroup;
			children = (
				21D7993A1AD493DF00D7D939 /* FacebookSDK.framework */,
			);
			path = Social_SDK;
			sourceTree = "<group>";
		};
		21E5C6E91AD74C2600631FE6 /* MyNetHelper */ = {
			isa = PBXGroup;
			children = (
				21E5C6EA1AD74C2600631FE6 /* MyNetHelper.h */,
				21E5C6EB1AD74C2600631FE6 /* MyNetHelper.m */,
				21E5C6EC1AD74C2600631FE6 /* Reachability.h */,
				21E5C6ED1AD74C2600631FE6 /* Reachability.m */,
			);
			path = MyNetHelper;
			sourceTree = "<group>";
		};
		21EBAF641AD3DDC5003635E9 = {
			isa = PBXGroup;
			children = (
				DAD4DA1B1B57B76D0081CAC2 /* Stockton.gpx */,
				21EEED7D1AD92791003285CA /* Frameworks */,
				21EBAF6F1AD3DDC5003635E9 /* RedBasketUser */,
				21EBAF891AD3DDC5003635E9 /* RedBasketUserTests */,
				21EBAF6E1AD3DDC5003635E9 /* Products */,
				D356B2361012A51FAFA59C12 /* Pods */,
			);
			sourceTree = "<group>";
		};
		21EBAF6E1AD3DDC5003635E9 /* Products */ = {
			isa = PBXGroup;
			children = (
				21EBAF6D1AD3DDC5003635E9 /* RedBasketUser.app */,
				21EBAF861AD3DDC5003635E9 /* RedBasketUserTests.xctest */,
			);
			name = Products;
			sourceTree = "<group>";
		};
		21EBAF6F1AD3DDC5003635E9 /* RedBasketUser */ = {
			isa = PBXGroup;
			children = (
				21D798F11AD493DF00D7D939 /* Class */,
				21D799341AD493DF00D7D939 /* Resource */,
				21D799391AD493DF00D7D939 /* Social_SDK */,
				21EBAF741AD3DDC5003635E9 /* AppDelegate.h */,
				21EBAF751AD3DDC5003635E9 /* AppDelegate.m */,
				21EBAF771AD3DDC5003635E9 /* ViewController.h */,
				21EBAF781AD3DDC5003635E9 /* ViewController.m */,
				21EBAF7A1AD3DDC5003635E9 /* Main.storyboard */,
				21EBAF7D1AD3DDC5003635E9 /* Images.xcassets */,
				21EBAF7F1AD3DDC5003635E9 /* LaunchScreen.xib */,
				21EBAF701AD3DDC5003635E9 /* Supporting Files */,
			);
			path = RedBasketUser;
			sourceTree = "<group>";
		};
		21EBAF701AD3DDC5003635E9 /* Supporting Files */ = {
			isa = PBXGroup;
			children = (
				21EBAF711AD3DDC5003635E9 /* Info.plist */,
				21EBAF721AD3DDC5003635E9 /* main.m */,
				21D799551AD4986F00D7D939 /* PrefixHeader.pch */,
			);
			name = "Supporting Files";
			sourceTree = "<group>";
		};
		21EBAF891AD3DDC5003635E9 /* RedBasketUserTests */ = {
			isa = PBXGroup;
			children = (
				21EBAF8C1AD3DDC5003635E9 /* RedBasketUserTests.m */,
				21EBAF8A1AD3DDC5003635E9 /* Supporting Files */,
			);
			path = RedBasketUserTests;
			sourceTree = "<group>";
		};
		21EBAF8A1AD3DDC5003635E9 /* Supporting Files */ = {
			isa = PBXGroup;
			children = (
				21EBAF8B1AD3DDC5003635E9 /* Info.plist */,
			);
			name = "Supporting Files";
			sourceTree = "<group>";
		};
		21EEED7D1AD92791003285CA /* Frameworks */ = {
			isa = PBXGroup;
			children = (
				DAA2A69C1B59149900AFD888 /* libPods-RedBasketUser-AFNetworking.a */,
				DAA2A69D1B59149900AFD888 /* libPods-RedBasketUser-Stripe.a */,
				21D799011AD493DF00D7D939 /* LTSupport2.framework */,
				21EEEDA41AD92D13003285CA /* QuartzCore.framework */,
				21EEEDA21AD92CAC003285CA /* libstdc++.dylib */,
				21EEEDA01AD92C8E003285CA /* CoreGraphics.framework */,
				21EEED9E1AD92C80003285CA /* Foundation.framework */,
				21EEED9C1AD92C6C003285CA /* CoreFoundation.framework */,
				21EEED9A1AD92BBE003285CA /* AddressBookUI.framework */,
				21EEED981AD92BAD003285CA /* CoreTelephony.framework */,
				21EEED961AD92B92003285CA /* MediaPlayer.framework */,
				21EEED941AD92ACB003285CA /* libresolv.dylib */,
				21EEED921AD92AB7003285CA /* libiconv.dylib */,
				21EEED901AD92A7B003285CA /* libxml2.dylib */,
				21EEED8E1AD92A6C003285CA /* libz.dylib */,
				21EEED8C1AD92A60003285CA /* Security.framework */,
				21EEED8A1AD92A57003285CA /* AddressBook.framework */,
				21EEED881AD92A46003285CA /* CoreData.framework */,
				21EEED861AD92A3B003285CA /* Social.framework */,
				21EEED841AD92A34003285CA /* Accounts.framework */,
				21EEED821AD92A03003285CA /* libxml2.2.dylib */,
				21EEED801AD929F2003285CA /* CFNetwork.framework */,
				21EEED7E1AD929B1003285CA /* CoreLocation.framework */,
				21930CC31AD899DE00E6546F /* SystemConfiguration.framework */,
				21930CC11AD899BB00E6546F /* MessageUI.framework */,
				21930CBF1AD899AA00E6546F /* CoreMedia.framework */,
				21930CBD1AD899A200E6546F /* AVFoundation.framework */,
				21930CBB1AD8997800E6546F /* MobileCoreServices.framework */,
				21930CB91AD8985B00E6546F /* libsqlite3.dylib */,
				21E5C6E71AD74ADD00631FE6 /* AudioToolbox.framework */,
				81B6040AD2726DA6D94E045B /* libPods-RedBasketUser.a */,
			);
			name = Frameworks;
			sourceTree = "<group>";
		};
		21F71E581AE1163D00A2001D /* Barcode */ = {
			isa = PBXGroup;
			children = (
				21F71E591AE1163D00A2001D /* BarcodeEAN13 */,
			);
			path = Barcode;
			sourceTree = "<group>";
		};
		21F71E591AE1163D00A2001D /* BarcodeEAN13 */ = {
			isa = PBXGroup;
			children = (
				21F71E5A1AE1163D00A2001D /* BarCodeEAN13.h */,
				21F71E5B1AE1163D00A2001D /* BarCodeEAN13.m */,
				21F71E5C1AE1163D00A2001D /* BarCodeView.h */,
				21F71E5D1AE1163D00A2001D /* BarCodeView.m */,
			);
			path = BarcodeEAN13;
			sourceTree = "<group>";
		};
		D356B2361012A51FAFA59C12 /* Pods */ = {
			isa = PBXGroup;
			children = (
				CF13D4A31EE060781EFCEE16 /* Pods-RedBasketUser.debug.xcconfig */,
				D24FB7F915926D2C4B6BF56E /* Pods-RedBasketUser.release.xcconfig */,
				E76606D69479D364EE410F7F /* Pods-RedBasketUser.distribution.xcconfig */,
			);
			name = Pods;
			sourceTree = "<group>";
		};
		DAA2A6921B590D8A00AFD888 /* StripePayment */ = {
			isa = PBXGroup;
			children = (
				DAA2A6931B590DAC00AFD888 /* RWCheckoutDisplayCell.h */,
				DAA2A6941B590DAC00AFD888 /* RWCheckoutDisplayCell.m */,
				DAA2A6951B590DAC00AFD888 /* StripePaymentVC.h */,
				DAA2A6961B590DAC00AFD888 /* StripePaymentVC.m */,
				DAA2A6991B590DBA00AFD888 /* RWCheckoutInputCell.h */,
				DAA2A69A1B590DBA00AFD888 /* RWCheckoutInputCell.m */,
			);
			name = StripePayment;
			sourceTree = "<group>";
		};
/* End PBXGroup section */

/* Begin PBXNativeTarget section */
		21EBAF6C1AD3DDC5003635E9 /* RedBasketUser */ = {
			isa = PBXNativeTarget;
			buildConfigurationList = 21EBAF901AD3DDC5003635E9 /* Build configuration list for PBXNativeTarget "RedBasketUser" */;
			buildPhases = (
				EC175AE43A2B65C1C830421B /* Check Pods Manifest.lock */,
				21EBAF691AD3DDC5003635E9 /* Sources */,
				21EBAF6A1AD3DDC5003635E9 /* Frameworks */,
				21EBAF6B1AD3DDC5003635E9 /* Resources */,
				218DAA941AE70A2000AE3C62 /* ShellScript */,
				63E6B7EED4E79750F058B566 /* Copy Pods Resources */,
			);
			buildRules = (
			);
			dependencies = (
			);
			name = RedBasketUser;
			productName = RedBasketUser;
			productReference = 21EBAF6D1AD3DDC5003635E9 /* RedBasketUser.app */;
			productType = "com.apple.product-type.application";
		};
		21EBAF851AD3DDC5003635E9 /* RedBasketUserTests */ = {
			isa = PBXNativeTarget;
			buildConfigurationList = 21EBAF931AD3DDC5003635E9 /* Build configuration list for PBXNativeTarget "RedBasketUserTests" */;
			buildPhases = (
				21EBAF821AD3DDC5003635E9 /* Sources */,
				21EBAF831AD3DDC5003635E9 /* Frameworks */,
				21EBAF841AD3DDC5003635E9 /* Resources */,
			);
			buildRules = (
			);
			dependencies = (
				21EBAF881AD3DDC5003635E9 /* PBXTargetDependency */,
			);
			name = RedBasketUserTests;
			productName = RedBasketUserTests;
			productReference = 21EBAF861AD3DDC5003635E9 /* RedBasketUserTests.xctest */;
			productType = "com.apple.product-type.bundle.unit-test";
		};
/* End PBXNativeTarget section */

/* Begin PBXProject section */
		21EBAF651AD3DDC5003635E9 /* Project object */ = {
			isa = PBXProject;
			attributes = {
				LastUpgradeCheck = 0610;
				ORGANIZATIONNAME = Glenn;
				TargetAttributes = {
					21EBAF6C1AD3DDC5003635E9 = {
						CreatedOnToolsVersion = 6.1;
						SystemCapabilities = {
							com.apple.BackgroundModes = {
								enabled = 0;
							};
						};
					};
					21EBAF851AD3DDC5003635E9 = {
						CreatedOnToolsVersion = 6.1;
						TestTargetID = 21EBAF6C1AD3DDC5003635E9;
					};
				};
			};
			buildConfigurationList = 21EBAF681AD3DDC5003635E9 /* Build configuration list for PBXProject "RedBasketUser" */;
			compatibilityVersion = "Xcode 3.2";
			developmentRegion = English;
			hasScannedForEncodings = 0;
			knownRegions = (
				en,
				Base,
			);
			mainGroup = 21EBAF641AD3DDC5003635E9;
			productRefGroup = 21EBAF6E1AD3DDC5003635E9 /* Products */;
			projectDirPath = "";
			projectRoot = "";
			targets = (
				21EBAF6C1AD3DDC5003635E9 /* RedBasketUser */,
				21EBAF851AD3DDC5003635E9 /* RedBasketUserTests */,
			);
		};
/* End PBXProject section */

/* Begin PBXResourcesBuildPhase section */
		21EBAF6B1AD3DDC5003635E9 /* Resources */ = {
			isa = PBXResourcesBuildPhase;
			buildActionMask = 2147483647;
			files = (
				21EBAF7C1AD3DDC5003635E9 /* Main.storyboard in Resources */,
				21025C291AEF776A00C5A474 /* usersidehelp.html in Resources */,
				21EA5C531AD615CD00A9418E /* navbar_background.png in Resources */,
				21D799711AD4AA9E00D7D939 /* facebookbutton.png in Resources */,
				21930CB71AD8911100E6546F /* help_img.png in Resources */,
				21D7996C1AD49C0900D7D939 /* order_counter.png in Resources */,
				21D7996A1AD49C0900D7D939 /* map_icon.png in Resources */,
				DAD4DA1C1B57B76E0081CAC2 /* Stockton.gpx in Resources */,
				21D7996D1AD49C0900D7D939 /* order_icon.png in Resources */,
				21195BD51AE79395003A5596 /* expired.png in Resources */,
				21EAB3451AEB0030005A41DB /* expired_iphone4.png in Resources */,
				21D799651AD49C0900D7D939 /* hand_icon.png in Resources */,
				21EAB3411AE8FAF5005A41DB /* app_icon.png in Resources */,
				21D7996B1AD49C0900D7D939 /* menu.png in Resources */,
				21D7996E1AD49C0900D7D939 /* phone_call.png in Resources */,
				21D799671AD49C0900D7D939 /* home.png in Resources */,
				21D799731AD4B24300D7D939 /* log_white.png in Resources */,
				21930CB81AD8911100E6546F /* past_icon.png in Resources */,
				21EAB3431AEA2C8D005A41DB /* app_lunch.png in Resources */,
				21D799681AD49C0900D7D939 /* log.png in Resources */,
				21EBAF811AD3DDC5003635E9 /* LaunchScreen.xib in Resources */,
				21D799661AD49C0900D7D939 /* help.png in Resources */,
				21D7996F1AD49C0900D7D939 /* setting.png in Resources */,
				21D799691AD49C0900D7D939 /* logout.png in Resources */,
				21EBAF7E1AD3DDC5003635E9 /* Images.xcassets in Resources */,
				21F71E801AE3A69400A2001D /* push_sound.mp3 in Resources */,
				214189771AD65D44005DDC16 /* past_white.png in Resources */,
				21D799641AD49C0900D7D939 /* facebook_icon.png in Resources */,
				21D799631AD49C0900D7D939 /* basket_marker.png in Resources */,
			);
			runOnlyForDeploymentPostprocessing = 0;
		};
		21EBAF841AD3DDC5003635E9 /* Resources */ = {
			isa = PBXResourcesBuildPhase;
			buildActionMask = 2147483647;
			files = (
			);
			runOnlyForDeploymentPostprocessing = 0;
		};
/* End PBXResourcesBuildPhase section */

/* Begin PBXShellScriptBuildPhase section */
		218DAA941AE70A2000AE3C62 /* ShellScript */ = {
			isa = PBXShellScriptBuildPhase;
			buildActionMask = 12;
			files = (
			);
			inputPaths = (
			);
			outputPaths = (
			);
			runOnlyForDeploymentPostprocessing = 0;
			shellPath = /bin/sh;
			shellScript = "./Fabric.framework/run 213caed439b668c046199449aeb5bf4f98361926 4b882edffcbd88306a52bc5c3397683ab0425f2a2b4210e668232b6ed5ca8577";
		};
		63E6B7EED4E79750F058B566 /* Copy Pods Resources */ = {
			isa = PBXShellScriptBuildPhase;
			buildActionMask = 2147483647;
			files = (
			);
			inputPaths = (
			);
			name = "Copy Pods Resources";
			outputPaths = (
			);
			runOnlyForDeploymentPostprocessing = 0;
			shellPath = /bin/sh;
			shellScript = "\"${SRCROOT}/Pods/Target Support Files/Pods-RedBasketUser/Pods-RedBasketUser-resources.sh\"\n";
			showEnvVarsInLog = 0;
		};
		EC175AE43A2B65C1C830421B /* Check Pods Manifest.lock */ = {
			isa = PBXShellScriptBuildPhase;
			buildActionMask = 2147483647;
			files = (
			);
			inputPaths = (
			);
			name = "Check Pods Manifest.lock";
			outputPaths = (
			);
			runOnlyForDeploymentPostprocessing = 0;
			shellPath = /bin/sh;
			shellScript = "diff \"${PODS_ROOT}/../Podfile.lock\" \"${PODS_ROOT}/Manifest.lock\" > /dev/null\nif [[ $? != 0 ]] ; then\n    cat << EOM\nerror: The sandbox is not in sync with the Podfile.lock. Run 'pod install' or update your CocoaPods installation.\nEOM\n    exit 1\nfi\n";
			showEnvVarsInLog = 0;
		};
/* End PBXShellScriptBuildPhase section */

/* Begin PBXSourcesBuildPhase section */
		21EBAF691AD3DDC5003635E9 /* Sources */ = {
			isa = PBXSourcesBuildPhase;
			buildActionMask = 2147483647;
			files = (
				21930CAE1AD887F700E6546F /* RBPreferenceVC.m in Sources */,
				21E5C6F81AD7A77100631FE6 /* RBStoreVC.m in Sources */,
				21E5C6EF1AD74C2600631FE6 /* Reachability.m in Sources */,
				21EBAF791AD3DDC5003635E9 /* ViewController.m in Sources */,
				DAA2A6981B590DAC00AFD888 /* StripePaymentVC.m in Sources */,
				21E5C6EE1AD74C2600631FE6 /* MyNetHelper.m in Sources */,
				21D7993F1AD493DF00D7D939 /* SVPulsingAnnotationView.m in Sources */,
				21EBAF761AD3DDC5003635E9 /* AppDelegate.m in Sources */,
				DAA2A69B1B590DBA00AFD888 /* RWCheckoutInputCell.m in Sources */,
				21D7993E1AD493DF00D7D939 /* BasicMapAnnotation.m in Sources */,
				21E5C6F51AD7A39900631FE6 /* RBMapVC.m in Sources */,
				21D7994A1AD493DF00D7D939 /* ServerManager.m in Sources */,
				21930CB41AD88FEA00E6546F /* RBHelpVC.m in Sources */,
				21F71E621AE1163D00A2001D /* BarCodeEAN13.m in Sources */,
				21930CB11AD88CAC00E6546F /* RBOrderHistoryVC.m in Sources */,
				21E5C6FE1AD7D17B00631FE6 /* RBReceiptVC.m in Sources */,
				21EBAF731AD3DDC5003635E9 /* main.m in Sources */,
				21D7993B1AD493DF00D7D939 /* DownMenuViewController.m in Sources */,
				21E5C6FB1AD7B2E300631FE6 /* RBCheckoutVC.m in Sources */,
				21E5C6F21AD7868300631FE6 /* RBStoreListVC.m in Sources */,
				214189911AD6B21B005DDC16 /* RBLoginVC.m in Sources */,
				DAA2A6971B590DAC00AFD888 /* RWCheckoutDisplayCell.m in Sources */,
				21F71E631AE1163D00A2001D /* BarCodeView.m in Sources */,
			);
			runOnlyForDeploymentPostprocessing = 0;
		};
		21EBAF821AD3DDC5003635E9 /* Sources */ = {
			isa = PBXSourcesBuildPhase;
			buildActionMask = 2147483647;
			files = (
				21EBAF8D1AD3DDC5003635E9 /* RedBasketUserTests.m in Sources */,
			);
			runOnlyForDeploymentPostprocessing = 0;
		};
/* End PBXSourcesBuildPhase section */

/* Begin PBXTargetDependency section */
		21EBAF881AD3DDC5003635E9 /* PBXTargetDependency */ = {
			isa = PBXTargetDependency;
			target = 21EBAF6C1AD3DDC5003635E9 /* RedBasketUser */;
			targetProxy = 21EBAF871AD3DDC5003635E9 /* PBXContainerItemProxy */;
		};
/* End PBXTargetDependency section */

/* Begin PBXVariantGroup section */
		21EBAF7A1AD3DDC5003635E9 /* Main.storyboard */ = {
			isa = PBXVariantGroup;
			children = (
				21EBAF7B1AD3DDC5003635E9 /* Base */,
			);
			name = Main.storyboard;
			sourceTree = "<group>";
		};
		21EBAF7F1AD3DDC5003635E9 /* LaunchScreen.xib */ = {
			isa = PBXVariantGroup;
			children = (
				21EBAF801AD3DDC5003635E9 /* Base */,
			);
			name = LaunchScreen.xib;
			sourceTree = "<group>";
		};
/* End PBXVariantGroup section */

/* Begin XCBuildConfiguration section */
		210DD2001AF1C72F006249BD /* Distribution */ = {
			isa = XCBuildConfiguration;
			buildSettings = {
				ALWAYS_SEARCH_USER_PATHS = NO;
				CLANG_CXX_LANGUAGE_STANDARD = "gnu++0x";
				CLANG_CXX_LIBRARY = "libc++";
				CLANG_ENABLE_MODULES = YES;
				CLANG_ENABLE_OBJC_ARC = YES;
				CLANG_WARN_BOOL_CONVERSION = YES;
				CLANG_WARN_CONSTANT_CONVERSION = YES;
				CLANG_WARN_DIRECT_OBJC_ISA_USAGE = YES_ERROR;
				CLANG_WARN_EMPTY_BODY = YES;
				CLANG_WARN_ENUM_CONVERSION = YES;
				CLANG_WARN_INT_CONVERSION = YES;
				CLANG_WARN_OBJC_ROOT_CLASS = YES_ERROR;
				CLANG_WARN_UNREACHABLE_CODE = YES;
				CLANG_WARN__DUPLICATE_METHOD_MATCH = YES;
				"CODE_SIGN_IDENTITY[sdk=iphoneos*]" = "iPhone Developer";
				COPY_PHASE_STRIP = YES;
				ENABLE_NS_ASSERTIONS = NO;
				ENABLE_STRICT_OBJC_MSGSEND = YES;
				GCC_C_LANGUAGE_STANDARD = gnu99;
				GCC_WARN_64_TO_32_BIT_CONVERSION = YES;
				GCC_WARN_ABOUT_RETURN_TYPE = YES_ERROR;
				GCC_WARN_UNDECLARED_SELECTOR = YES;
				GCC_WARN_UNINITIALIZED_AUTOS = YES_AGGRESSIVE;
				GCC_WARN_UNUSED_FUNCTION = YES;
				GCC_WARN_UNUSED_VARIABLE = YES;
				IPHONEOS_DEPLOYMENT_TARGET = 8.1;
				MTL_ENABLE_DEBUG_INFO = NO;
				SDKROOT = iphoneos;
				VALIDATE_PRODUCT = YES;
			};
			name = Distribution;
		};
		210DD2011AF1C72F006249BD /* Distribution */ = {
			isa = XCBuildConfiguration;
			baseConfigurationReference = E76606D69479D364EE410F7F /* Pods-RedBasketUser.distribution.xcconfig */;
			buildSettings = {
				ASSETCATALOG_COMPILER_APPICON_NAME = AppIcon;
				ASSETCATALOG_COMPILER_LAUNCHIMAGE_NAME = LaunchImage;
				CODE_SIGN_IDENTITY = "iPhone Developer: Dave Stengel (62AE9VM5C4)";
				"CODE_SIGN_IDENTITY[sdk=iphoneos*]" = "iPhone Developer: Dave Stengel (62AE9VM5C4)";
				FRAMEWORK_SEARCH_PATHS = (
					"$(inherited)",
					"$(PROJECT_DIR)/RedBasketUser/Class",
					"$(PROJECT_DIR)/RedBasketUser/Social_SDK",
					"$(PROJECT_DIR)",
				);
				GCC_PRECOMPILE_PREFIX_HEADER = YES;
				GCC_PREFIX_HEADER = RedBasketUser/PrefixHeader.pch;
				HEADER_SEARCH_PATHS = (
					"$(inherited)",
					"$(SDK_DIR)/usr/include/libxml2",
					/Applications/Xcode61.app/Contents/Developer/Toolchains/XcodeDefault.xctoolchain/usr/include,
				);
				INFOPLIST_FILE = RedBasketUser/Info.plist;
				IPHONEOS_DEPLOYMENT_TARGET = 7.0;
				LD_RUNPATH_SEARCH_PATHS = "$(inherited) @executable_path/Frameworks";
				LIBRARY_SEARCH_PATHS = (
					"$(inherited)",
					"$(PROJECT_DIR)/RedBasketUser/Class/Library",
					"$(PROJECT_DIR)/build/Debug-iphoneos",
				);
				OTHER_LDFLAGS = (
					"-ObjC",
					"-all_load",
					"-Obj-C",
					"-lxml2",
				);
				PRODUCT_NAME = "$(TARGET_NAME)";
				PROVISIONING_PROFILE = "b46666c3-7f5c-4a75-b94d-8d676caf14ad";
			};
			name = Distribution;
		};
		210DD2021AF1C72F006249BD /* Distribution */ = {
			isa = XCBuildConfiguration;
			buildSettings = {
				BUNDLE_LOADER = "$(TEST_HOST)";
				FRAMEWORK_SEARCH_PATHS = (
					"$(SDKROOT)/Developer/Library/Frameworks",
					"$(inherited)",
				);
				INFOPLIST_FILE = RedBasketUserTests/Info.plist;
				LD_RUNPATH_SEARCH_PATHS = "$(inherited) @executable_path/Frameworks @loader_path/Frameworks";
				PRODUCT_NAME = "$(TARGET_NAME)";
				TEST_HOST = "$(BUILT_PRODUCTS_DIR)/RedBasketUser.app/RedBasketUser";
			};
			name = Distribution;
		};
		21EBAF8E1AD3DDC5003635E9 /* Debug */ = {
			isa = XCBuildConfiguration;
			buildSettings = {
				ALWAYS_SEARCH_USER_PATHS = NO;
				CLANG_CXX_LANGUAGE_STANDARD = "gnu++0x";
				CLANG_CXX_LIBRARY = "libc++";
				CLANG_ENABLE_MODULES = YES;
				CLANG_ENABLE_OBJC_ARC = YES;
				CLANG_WARN_BOOL_CONVERSION = YES;
				CLANG_WARN_CONSTANT_CONVERSION = YES;
				CLANG_WARN_DIRECT_OBJC_ISA_USAGE = YES_ERROR;
				CLANG_WARN_EMPTY_BODY = YES;
				CLANG_WARN_ENUM_CONVERSION = YES;
				CLANG_WARN_INT_CONVERSION = YES;
				CLANG_WARN_OBJC_ROOT_CLASS = YES_ERROR;
				CLANG_WARN_UNREACHABLE_CODE = YES;
				CLANG_WARN__DUPLICATE_METHOD_MATCH = YES;
				"CODE_SIGN_IDENTITY[sdk=iphoneos*]" = "iPhone Developer";
				COPY_PHASE_STRIP = NO;
				ENABLE_STRICT_OBJC_MSGSEND = YES;
				GCC_C_LANGUAGE_STANDARD = gnu99;
				GCC_DYNAMIC_NO_PIC = NO;
				GCC_OPTIMIZATION_LEVEL = 0;
				GCC_PREPROCESSOR_DEFINITIONS = (
					"DEBUG=1",
					"$(inherited)",
				);
				GCC_SYMBOLS_PRIVATE_EXTERN = NO;
				GCC_WARN_64_TO_32_BIT_CONVERSION = YES;
				GCC_WARN_ABOUT_RETURN_TYPE = YES_ERROR;
				GCC_WARN_UNDECLARED_SELECTOR = YES;
				GCC_WARN_UNINITIALIZED_AUTOS = YES_AGGRESSIVE;
				GCC_WARN_UNUSED_FUNCTION = YES;
				GCC_WARN_UNUSED_VARIABLE = YES;
				IPHONEOS_DEPLOYMENT_TARGET = 8.1;
				MTL_ENABLE_DEBUG_INFO = YES;
				ONLY_ACTIVE_ARCH = YES;
				SDKROOT = iphoneos;
			};
			name = Debug;
		};
		21EBAF8F1AD3DDC5003635E9 /* Release */ = {
			isa = XCBuildConfiguration;
			buildSettings = {
				ALWAYS_SEARCH_USER_PATHS = NO;
				CLANG_CXX_LANGUAGE_STANDARD = "gnu++0x";
				CLANG_CXX_LIBRARY = "libc++";
				CLANG_ENABLE_MODULES = YES;
				CLANG_ENABLE_OBJC_ARC = YES;
				CLANG_WARN_BOOL_CONVERSION = YES;
				CLANG_WARN_CONSTANT_CONVERSION = YES;
				CLANG_WARN_DIRECT_OBJC_ISA_USAGE = YES_ERROR;
				CLANG_WARN_EMPTY_BODY = YES;
				CLANG_WARN_ENUM_CONVERSION = YES;
				CLANG_WARN_INT_CONVERSION = YES;
				CLANG_WARN_OBJC_ROOT_CLASS = YES_ERROR;
				CLANG_WARN_UNREACHABLE_CODE = YES;
				CLANG_WARN__DUPLICATE_METHOD_MATCH = YES;
				"CODE_SIGN_IDENTITY[sdk=iphoneos*]" = "iPhone Developer";
				COPY_PHASE_STRIP = YES;
				ENABLE_NS_ASSERTIONS = NO;
				ENABLE_STRICT_OBJC_MSGSEND = YES;
				GCC_C_LANGUAGE_STANDARD = gnu99;
				GCC_WARN_64_TO_32_BIT_CONVERSION = YES;
				GCC_WARN_ABOUT_RETURN_TYPE = YES_ERROR;
				GCC_WARN_UNDECLARED_SELECTOR = YES;
				GCC_WARN_UNINITIALIZED_AUTOS = YES_AGGRESSIVE;
				GCC_WARN_UNUSED_FUNCTION = YES;
				GCC_WARN_UNUSED_VARIABLE = YES;
				IPHONEOS_DEPLOYMENT_TARGET = 8.1;
				MTL_ENABLE_DEBUG_INFO = NO;
				SDKROOT = iphoneos;
				VALIDATE_PRODUCT = YES;
			};
			name = Release;
		};
		21EBAF911AD3DDC5003635E9 /* Debug */ = {
			isa = XCBuildConfiguration;
			baseConfigurationReference = CF13D4A31EE060781EFCEE16 /* Pods-RedBasketUser.debug.xcconfig */;
			buildSettings = {
				ASSETCATALOG_COMPILER_APPICON_NAME = AppIcon;
				ASSETCATALOG_COMPILER_LAUNCHIMAGE_NAME = LaunchImage;
				CODE_SIGN_IDENTITY = "iPhone Developer: Dave Stengel (62AE9VM5C4)";
				"CODE_SIGN_IDENTITY[sdk=iphoneos*]" = "iPhone Developer: Dave Stengel (62AE9VM5C4)";
				FRAMEWORK_SEARCH_PATHS = (
					"$(inherited)",
					"$(PROJECT_DIR)/RedBasketUser/Class",
					"$(PROJECT_DIR)/RedBasketUser/Social_SDK",
					"$(PROJECT_DIR)",
				);
				GCC_PRECOMPILE_PREFIX_HEADER = YES;
				GCC_PREFIX_HEADER = RedBasketUser/PrefixHeader.pch;
				HEADER_SEARCH_PATHS = (
					"$(inherited)",
					"$(SDK_DIR)/usr/include/libxml2",
					/Applications/Xcode61.app/Contents/Developer/Toolchains/XcodeDefault.xctoolchain/usr/include,
				);
				INFOPLIST_FILE = RedBasketUser/Info.plist;
				IPHONEOS_DEPLOYMENT_TARGET = 7.0;
				LD_RUNPATH_SEARCH_PATHS = "$(inherited) @executable_path/Frameworks";
				LIBRARY_SEARCH_PATHS = (
					"$(inherited)",
					"$(PROJECT_DIR)/RedBasketUser/Class/Library",
					"$(PROJECT_DIR)/build/Debug-iphoneos",
				);
				OTHER_LDFLAGS = (
					"-ObjC",
					"-all_load",
					"-Obj-C",
					"-lxml2",
				);
				PRODUCT_NAME = "$(TARGET_NAME)";
				PROVISIONING_PROFILE = "b46666c3-7f5c-4a75-b94d-8d676caf14ad";
			};
			name = Debug;
		};
		21EBAF921AD3DDC5003635E9 /* Release */ = {
			isa = XCBuildConfiguration;
			baseConfigurationReference = D24FB7F915926D2C4B6BF56E /* Pods-RedBasketUser.release.xcconfig */;
			buildSettings = {
				ASSETCATALOG_COMPILER_APPICON_NAME = AppIcon;
				ASSETCATALOG_COMPILER_LAUNCHIMAGE_NAME = LaunchImage;
				CODE_SIGN_IDENTITY = "iPhone Developer: Dave Stengel (62AE9VM5C4)";
				"CODE_SIGN_IDENTITY[sdk=iphoneos*]" = "iPhone Developer: Dave Stengel (62AE9VM5C4)";
				FRAMEWORK_SEARCH_PATHS = (
					"$(inherited)",
					"$(PROJECT_DIR)/RedBasketUser/Class",
					"$(PROJECT_DIR)/RedBasketUser/Social_SDK",
					"$(PROJECT_DIR)",
				);
				GCC_PRECOMPILE_PREFIX_HEADER = YES;
				GCC_PREFIX_HEADER = RedBasketUser/PrefixHeader.pch;
				HEADER_SEARCH_PATHS = (
					"$(inherited)",
					"$(SDK_DIR)/usr/include/libxml2",
					/Applications/Xcode61.app/Contents/Developer/Toolchains/XcodeDefault.xctoolchain/usr/include,
				);
				INFOPLIST_FILE = RedBasketUser/Info.plist;
				IPHONEOS_DEPLOYMENT_TARGET = 7.0;
				LD_RUNPATH_SEARCH_PATHS = "$(inherited) @executable_path/Frameworks";
				LIBRARY_SEARCH_PATHS = (
					"$(inherited)",
					"$(PROJECT_DIR)/RedBasketUser/Class/Library",
					"$(PROJECT_DIR)/build/Debug-iphoneos",
				);
				OTHER_LDFLAGS = (
					"-ObjC",
					"-all_load",
					"-Obj-C",
					"-lxml2",
				);
				PRODUCT_NAME = "$(TARGET_NAME)";
				PROVISIONING_PROFILE = "b46666c3-7f5c-4a75-b94d-8d676caf14ad";
			};
			name = Release;
		};
		21EBAF941AD3DDC5003635E9 /* Debug */ = {
			isa = XCBuildConfiguration;
			buildSettings = {
				BUNDLE_LOADER = "$(TEST_HOST)";
				FRAMEWORK_SEARCH_PATHS = (
					"$(SDKROOT)/Developer/Library/Frameworks",
					"$(inherited)",
				);
				GCC_PREPROCESSOR_DEFINITIONS = (
					"DEBUG=1",
					"$(inherited)",
				);
				INFOPLIST_FILE = RedBasketUserTests/Info.plist;
				LD_RUNPATH_SEARCH_PATHS = "$(inherited) @executable_path/Frameworks @loader_path/Frameworks";
				PRODUCT_NAME = "$(TARGET_NAME)";
				TEST_HOST = "$(BUILT_PRODUCTS_DIR)/RedBasketUser.app/RedBasketUser";
			};
			name = Debug;
		};
		21EBAF951AD3DDC5003635E9 /* Release */ = {
			isa = XCBuildConfiguration;
			buildSettings = {
				BUNDLE_LOADER = "$(TEST_HOST)";
				FRAMEWORK_SEARCH_PATHS = (
					"$(SDKROOT)/Developer/Library/Frameworks",
					"$(inherited)",
				);
				INFOPLIST_FILE = RedBasketUserTests/Info.plist;
				LD_RUNPATH_SEARCH_PATHS = "$(inherited) @executable_path/Frameworks @loader_path/Frameworks";
				PRODUCT_NAME = "$(TARGET_NAME)";
				TEST_HOST = "$(BUILT_PRODUCTS_DIR)/RedBasketUser.app/RedBasketUser";
			};
			name = Release;
		};
/* End XCBuildConfiguration section */

/* Begin XCConfigurationList section */
		21EBAF681AD3DDC5003635E9 /* Build configuration list for PBXProject "RedBasketUser" */ = {
			isa = XCConfigurationList;
			buildConfigurations = (
				21EBAF8E1AD3DDC5003635E9 /* Debug */,
				21EBAF8F1AD3DDC5003635E9 /* Release */,
				210DD2001AF1C72F006249BD /* Distribution */,
			);
			defaultConfigurationIsVisible = 0;
			defaultConfigurationName = Release;
		};
		21EBAF901AD3DDC5003635E9 /* Build configuration list for PBXNativeTarget "RedBasketUser" */ = {
			isa = XCConfigurationList;
			buildConfigurations = (
				21EBAF911AD3DDC5003635E9 /* Debug */,
				21EBAF921AD3DDC5003635E9 /* Release */,
				210DD2011AF1C72F006249BD /* Distribution */,
			);
			defaultConfigurationIsVisible = 0;
			defaultConfigurationName = Release;
		};
		21EBAF931AD3DDC5003635E9 /* Build configuration list for PBXNativeTarget "RedBasketUserTests" */ = {
			isa = XCConfigurationList;
			buildConfigurations = (
				21EBAF941AD3DDC5003635E9 /* Debug */,
				21EBAF951AD3DDC5003635E9 /* Release */,
				210DD2021AF1C72F006249BD /* Distribution */,
			);
			defaultConfigurationIsVisible = 0;
			defaultConfigurationName = Release;
		};
/* End XCConfigurationList section */
	};
	rootObject = 21EBAF651AD3DDC5003635E9 /* Project object */;
}
